
Microsoft Visual Studio Solution File, Format Version 12.00
# Visual Studio 15
Project("{FAE04EC0-301F-11D3-BF4B-00C04F79EFBC}") = "DataStructures", "DataStructures\DataStructures.csproj", "{7EC9FADD-A664-4F4C-A8F4-28C324C7DAB2}"
EndProject
Project("{FAE04EC0-301F-11D3-BF4B-00C04F79EFBC}") = "DataStructures.UnitTests", "DataStructures.UnitTests\DataStructures.UnitTests.csproj", "{EC19AF34-7ABE-48A8-9928-11B2C923EFE3}"
EndProject
Project("{FAE04EC0-301F-11D3-BF4B-00C04F79EFBC}") = "Algorithms", "Algorithms\Algorithms.csproj", "{8384B892-ED4A-4ED5-98A7-8008BF66E58B}"
EndProject
Global
	GlobalSection(SolutionConfigurationPlatforms) = preSolution
		Debug|Any CPU = Debug|Any CPU
		Release|Any CPU = Release|Any CPU
	EndGlobalSection
	GlobalSection(ProjectConfigurationPlatforms) = postSolution
		{7EC9FADD-A664-4F4C-A8F4-28C324C7DAB2}.Debug|Any CPU.ActiveCfg = Debug|Any CPU
		{7EC9FADD-A664-4F4C-A8F4-28C324C7DAB2}.Debug|Any CPU.Build.0 = Debug|Any CPU
		{7EC9FADD-A664-4F4C-A8F4-28C324C7DAB2}.Release|Any CPU.ActiveCfg = Release|Any CPU
		{7EC9FADD-A664-4F4C-A8F4-28C324C7DAB2}.Release|Any CPU.Build.0 = Release|Any CPU
		{EC19AF34-7ABE-48A8-9928-11B2C923EFE3}.Debug|Any CPU.ActiveCfg = Debug|Any CPU
		{EC19AF34-7ABE-48A8-9928-11B2C923EFE3}.Debug|Any CPU.Build.0 = Debug|Any CPU
		{EC19AF34-7ABE-48A8-9928-11B2C923EFE3}.Release|Any CPU.ActiveCfg = Release|Any CPU
		{EC19AF34-7ABE-48A8-9928-11B2C923EFE3}.Release|Any CPU.Build.0 = Release|Any CPU
		{8384B892-ED4A-4ED5-98A7-8008BF66E58B}.Debug|Any CPU.ActiveCfg = Debug|Any CPU
		{8384B892-ED4A-4ED5-98A7-8008BF66E58B}.Debug|Any CPU.Build.0 = Debug|Any CPU
		{8384B892-ED4A-4ED5-98A7-8008BF66E58B}.Release|Any CPU.ActiveCfg = Release|Any CPU
		{8384B892-ED4A-4ED5-98A7-8008BF66E58B}.Release|Any CPU.Build.0 = Release|Any CPU
	EndGlobalSection
EndGlobal
